// !$*UTF8*$!
{
	archiveVersion = 1;
	classes = {
	};
	objectVersion = 46;
	objects = {

/* Begin PBXBuildFile section */
		46718B5A194B6A2C006E8A18 /* main.swift in Sources */ = {isa = PBXBuildFile; fileRef = 46718B59194B6A2C006E8A18 /* main.swift */; };
		46718B81194B8A57006E8A18 /* Internals.swift in Sources */ = {isa = PBXBuildFile; fileRef = 46718B80194B8A57006E8A18 /* Internals.swift */; };
		46718B84194B8AAF006E8A18 /* ExampleGroup.swift in Sources */ = {isa = PBXBuildFile; fileRef = 46718B83194B8AAF006E8A18 /* ExampleGroup.swift */; };
		46718B86194B8AD2006E8A18 /* Example.swift in Sources */ = {isa = PBXBuildFile; fileRef = 46718B85194B8AD2006E8A18 /* Example.swift */; };
		46718B9F194DF8B0006E8A18 /* SleipnirLoader.m in Sources */ = {isa = PBXBuildFile; fileRef = 46718B9E194DF8B0006E8A18 /* SleipnirLoader.m */; settings = {COMPILER_FLAGS = "-fno-objc-arc"; }; };
		46718BA7194E00AB006E8A18 /* main.swift in Sources */ = {isa = PBXBuildFile; fileRef = 46718BA6194E00AB006E8A18 /* main.swift */; };
		46718BAB194E00D1006E8A18 /* Internals.swift in Sources */ = {isa = PBXBuildFile; fileRef = 46718B80194B8A57006E8A18 /* Internals.swift */; };
		46718BAD194E0393006E8A18 /* SleipnirSpec.swift in Sources */ = {isa = PBXBuildFile; fileRef = 46718BAC194E0393006E8A18 /* SleipnirSpec.swift */; };
		46718BAE194E03C9006E8A18 /* SleipnirSpec.swift in Sources */ = {isa = PBXBuildFile; fileRef = 46718BAC194E0393006E8A18 /* SleipnirSpec.swift */; };
		46718BAF194E03CC006E8A18 /* SleipnirLoader.m in Sources */ = {isa = PBXBuildFile; fileRef = 46718B9E194DF8B0006E8A18 /* SleipnirLoader.m */; settings = {COMPILER_FLAGS = "-fno-objc-arc"; }; };
		46718BB0194E03E5006E8A18 /* ExampleGroup.swift in Sources */ = {isa = PBXBuildFile; fileRef = 46718B83194B8AAF006E8A18 /* ExampleGroup.swift */; };
		46718BB2194E0426006E8A18 /* Example.swift in Sources */ = {isa = PBXBuildFile; fileRef = 46718B85194B8AD2006E8A18 /* Example.swift */; };
		46718BB4194EA3FE006E8A18 /* FirstSpec.swift in Sources */ = {isa = PBXBuildFile; fileRef = 46718BB3194EA3FE006E8A18 /* FirstSpec.swift */; };
/* End PBXBuildFile section */

/* Begin PBXCopyFilesBuildPhase section */
		46718B54194B6A2C006E8A18 /* CopyFiles */ = {
			isa = PBXCopyFilesBuildPhase;
			buildActionMask = 2147483647;
			dstPath = /usr/share/man/man1/;
			dstSubfolderSpec = 0;
			files = (
			);
			runOnlyForDeploymentPostprocessing = 1;
		};
		46718BA2194E00AB006E8A18 /* CopyFiles */ = {
			isa = PBXCopyFilesBuildPhase;
			buildActionMask = 2147483647;
			dstPath = /usr/share/man/man1/;
			dstSubfolderSpec = 0;
			files = (
			);
			runOnlyForDeploymentPostprocessing = 1;
		};
/* End PBXCopyFilesBuildPhase section */

/* Begin PBXFileReference section */
		46718B56194B6A2C006E8A18 /* Sleipnir */ = {isa = PBXFileReference; explicitFileType = "compiled.mach-o.executable"; includeInIndex = 0; path = Sleipnir; sourceTree = BUILT_PRODUCTS_DIR; };
		46718B59194B6A2C006E8A18 /* main.swift */ = {isa = PBXFileReference; lastKnownFileType = sourcecode.swift; path = main.swift; sourceTree = "<group>"; };
		46718B80194B8A57006E8A18 /* Internals.swift */ = {isa = PBXFileReference; fileEncoding = 4; lastKnownFileType = sourcecode.swift; path = Internals.swift; sourceTree = "<group>"; };
		46718B83194B8AAF006E8A18 /* ExampleGroup.swift */ = {isa = PBXFileReference; fileEncoding = 4; lastKnownFileType = sourcecode.swift; path = ExampleGroup.swift; sourceTree = "<group>"; };
		46718B85194B8AD2006E8A18 /* Example.swift */ = {isa = PBXFileReference; fileEncoding = 4; lastKnownFileType = sourcecode.swift; path = Example.swift; sourceTree = "<group>"; };
		46718B9E194DF8B0006E8A18 /* SleipnirLoader.m */ = {isa = PBXFileReference; fileEncoding = 4; lastKnownFileType = sourcecode.c.objc; path = SleipnirLoader.m; sourceTree = "<group>"; };
		46718BA4194E00AB006E8A18 /* OSXSpecs */ = {isa = PBXFileReference; explicitFileType = "compiled.mach-o.executable"; includeInIndex = 0; path = OSXSpecs; sourceTree = BUILT_PRODUCTS_DIR; };
		46718BA6194E00AB006E8A18 /* main.swift */ = {isa = PBXFileReference; lastKnownFileType = sourcecode.swift; path = main.swift; sourceTree = "<group>"; };
		46718BAC194E0393006E8A18 /* SleipnirSpec.swift */ = {isa = PBXFileReference; fileEncoding = 4; lastKnownFileType = sourcecode.swift; path = SleipnirSpec.swift; sourceTree = "<group>"; };
		46718BB3194EA3FE006E8A18 /* FirstSpec.swift */ = {isa = PBXFileReference; fileEncoding = 4; lastKnownFileType = sourcecode.swift; path = FirstSpec.swift; sourceTree = "<group>"; };
/* End PBXFileReference section */

/* Begin PBXFrameworksBuildPhase section */
		46718B53194B6A2C006E8A18 /* Frameworks */ = {
			isa = PBXFrameworksBuildPhase;
			buildActionMask = 2147483647;
			files = (
			);
			runOnlyForDeploymentPostprocessing = 0;
		};
		46718BA1194E00AB006E8A18 /* Frameworks */ = {
			isa = PBXFrameworksBuildPhase;
			buildActionMask = 2147483647;
			files = (
			);
			runOnlyForDeploymentPostprocessing = 0;
		};
/* End PBXFrameworksBuildPhase section */

/* Begin PBXGroup section */
		46718B4D194B6A2C006E8A18 = {
			isa = PBXGroup;
			children = (
				46718B58194B6A2C006E8A18 /* Sleipnir */,
				46718BA5194E00AB006E8A18 /* OSXSpecs */,
				46718B57194B6A2C006E8A18 /* Products */,
			);
			sourceTree = "<group>";
		};
		46718B57194B6A2C006E8A18 /* Products */ = {
			isa = PBXGroup;
			children = (
				46718B56194B6A2C006E8A18 /* Sleipnir */,
				46718BA4194E00AB006E8A18 /* OSXSpecs */,
			);
			name = Products;
			sourceTree = "<group>";
		};
		46718B58194B6A2C006E8A18 /* Sleipnir */ = {
			isa = PBXGroup;
			children = (
				46718B82194B8A5E006E8A18 /* ExampleGroups */,
				46718B7F194B8A39006E8A18 /* Internals */,
				46718B59194B6A2C006E8A18 /* main.swift */,
			);
			path = Sleipnir;
			sourceTree = "<group>";
		};
		46718B7F194B8A39006E8A18 /* Internals */ = {
			isa = PBXGroup;
			children = (
				46718B80194B8A57006E8A18 /* Internals.swift */,
				46718B9E194DF8B0006E8A18 /* SleipnirLoader.m */,
			);
			path = Internals;
			sourceTree = "<group>";
		};
		46718B82194B8A5E006E8A18 /* ExampleGroups */ = {
			isa = PBXGroup;
			children = (
				46718B83194B8AAF006E8A18 /* ExampleGroup.swift */,
				46718B85194B8AD2006E8A18 /* Example.swift */,
				46718BAC194E0393006E8A18 /* SleipnirSpec.swift */,
			);
			path = ExampleGroups;
			sourceTree = "<group>";
		};
		46718BA5194E00AB006E8A18 /* OSXSpecs */ = {
			isa = PBXGroup;
			children = (
				46718BA6194E00AB006E8A18 /* main.swift */,
				46718BB3194EA3FE006E8A18 /* FirstSpec.swift */,
			);
			path = OSXSpecs;
			sourceTree = "<group>";
		};
/* End PBXGroup section */

/* Begin PBXNativeTarget section */
		46718B55194B6A2C006E8A18 /* Sleipnir */ = {
			isa = PBXNativeTarget;
			buildConfigurationList = 46718B5D194B6A2C006E8A18 /* Build configuration list for PBXNativeTarget "Sleipnir" */;
			buildPhases = (
				46718B52194B6A2C006E8A18 /* Sources */,
				46718B53194B6A2C006E8A18 /* Frameworks */,
				46718B54194B6A2C006E8A18 /* CopyFiles */,
			);
			buildRules = (
			);
			dependencies = (
			);
			name = Sleipnir;
			productName = Sleipnir;
			productReference = 46718B56194B6A2C006E8A18 /* Sleipnir */;
			productType = "com.apple.product-type.tool";
		};
		46718BA3194E00AB006E8A18 /* OSXSpecs */ = {
			isa = PBXNativeTarget;
			buildConfigurationList = 46718BA8194E00AB006E8A18 /* Build configuration list for PBXNativeTarget "OSXSpecs" */;
			buildPhases = (
				46718BA0194E00AB006E8A18 /* Sources */,
				46718BA1194E00AB006E8A18 /* Frameworks */,
				46718BA2194E00AB006E8A18 /* CopyFiles */,
			);
			buildRules = (
			);
			dependencies = (
			);
			name = OSXSpecs;
			productName = OSXSpecs;
			productReference = 46718BA4194E00AB006E8A18 /* OSXSpecs */;
			productType = "com.apple.product-type.tool";
		};
/* End PBXNativeTarget section */

/* Begin PBXProject section */
		46718B4E194B6A2C006E8A18 /* Project object */ = {
			isa = PBXProject;
			attributes = {
				LastUpgradeCheck = 0600;
				ORGANIZATIONNAME = railsware;
				TargetAttributes = {
					46718B55194B6A2C006E8A18 = {
						CreatedOnToolsVersion = 6.0;
					};
					46718BA3194E00AB006E8A18 = {
						CreatedOnToolsVersion = 6.0;
					};
				};
			};
			buildConfigurationList = 46718B51194B6A2C006E8A18 /* Build configuration list for PBXProject "Sleipnir" */;
			compatibilityVersion = "Xcode 3.2";
			developmentRegion = English;
			hasScannedForEncodings = 0;
			knownRegions = (
				en,
			);
			mainGroup = 46718B4D194B6A2C006E8A18;
			productRefGroup = 46718B57194B6A2C006E8A18 /* Products */;
			projectDirPath = "";
			projectRoot = "";
			targets = (
				46718B55194B6A2C006E8A18 /* Sleipnir */,
				46718BA3194E00AB006E8A18 /* OSXSpecs */,
			);
		};
/* End PBXProject section */

/* Begin PBXSourcesBuildPhase section */
		46718B52194B6A2C006E8A18 /* Sources */ = {
			isa = PBXSourcesBuildPhase;
			buildActionMask = 2147483647;
			files = (
				46718B86194B8AD2006E8A18 /* Example.swift in Sources */,
				46718B81194B8A57006E8A18 /* Internals.swift in Sources */,
				46718BAD194E0393006E8A18 /* SleipnirSpec.swift in Sources */,
				46718B84194B8AAF006E8A18 /* ExampleGroup.swift in Sources */,
				46718B9F194DF8B0006E8A18 /* SleipnirLoader.m in Sources */,
				46718B5A194B6A2C006E8A18 /* main.swift in Sources */,
			);
			runOnlyForDeploymentPostprocessing = 0;
		};
		46718BA0194E00AB006E8A18 /* Sources */ = {
			isa = PBXSourcesBuildPhase;
			buildActionMask = 2147483647;
			files = (
				46718BB0194E03E5006E8A18 /* ExampleGroup.swift in Sources */,
				46718BAF194E03CC006E8A18 /* SleipnirLoader.m in Sources */,
				46718BB2194E0426006E8A18 /* Example.swift in Sources */,
				46718BB4194EA3FE006E8A18 /* FirstSpec.swift in Sources */,
				46718BAB194E00D1006E8A18 /* Internals.swift in Sources */,
				46718BA7194E00AB006E8A18 /* main.swift in Sources */,
				46718BAE194E03C9006E8A18 /* SleipnirSpec.swift in Sources */,
			);
			runOnlyForDeploymentPostprocessing = 0;
		};
/* End PBXSourcesBuildPhase section */

/* Begin XCBuildConfiguration section */
		46718B5B194B6A2C006E8A18 /* Debug */ = {
			isa = XCBuildConfiguration;
			buildSettings = {
				ALWAYS_SEARCH_USER_PATHS = NO;
				CLANG_CXX_LANGUAGE_STANDARD = "gnu++0x";
				CLANG_CXX_LIBRARY = "libc++";
				CLANG_ENABLE_MODULES = YES;
				CLANG_ENABLE_OBJC_ARC = YES;
				CLANG_WARN_BOOL_CONVERSION = YES;
				CLANG_WARN_CONSTANT_CONVERSION = YES;
				CLANG_WARN_DIRECT_OBJC_ISA_USAGE = YES_ERROR;
				CLANG_WARN_EMPTY_BODY = YES;
				CLANG_WARN_ENUM_CONVERSION = YES;
				CLANG_WARN_INT_CONVERSION = YES;
				CLANG_WARN_OBJC_ROOT_CLASS = YES_ERROR;
				CLANG_WARN_UNREACHABLE_CODE = YES;
				CLANG_WARN__DUPLICATE_METHOD_MATCH = YES;
				COPY_PHASE_STRIP = NO;
				ENABLE_STRICT_OBJC_MSGSEND = YES;
				GCC_C_LANGUAGE_STANDARD = gnu99;
				GCC_DYNAMIC_NO_PIC = NO;
				GCC_OPTIMIZATION_LEVEL = 0;
				GCC_PREPROCESSOR_DEFINITIONS = (
					"DEBUG=1",
					"$(inherited)",
				);
				GCC_SYMBOLS_PRIVATE_EXTERN = NO;
				GCC_WARN_64_TO_32_BIT_CONVERSION = YES;
				GCC_WARN_ABOUT_RETURN_TYPE = YES_ERROR;
				GCC_WARN_UNDECLARED_SELECTOR = YES;
				GCC_WARN_UNINITIALIZED_AUTOS = YES_AGGRESSIVE;
				GCC_WARN_UNUSED_FUNCTION = YES;
				GCC_WARN_UNUSED_VARIABLE = YES;
				MACOSX_DEPLOYMENT_TARGET = 10.9;
				METAL_ENABLE_DEBUG_INFO = YES;
				ONLY_ACTIVE_ARCH = YES;
				SDKROOT = macosx;
				SWIFT_OPTIMIZATION_LEVEL = "-Onone";
			};
			name = Debug;
		};
		46718B5C194B6A2C006E8A18 /* Release */ = {
			isa = XCBuildConfiguration;
			buildSettings = {
				ALWAYS_SEARCH_USER_PATHS = NO;
				CLANG_CXX_LANGUAGE_STANDARD = "gnu++0x";
				CLANG_CXX_LIBRARY = "libc++";
				CLANG_ENABLE_MODULES = YES;
				CLANG_ENABLE_OBJC_ARC = YES;
				CLANG_WARN_BOOL_CONVERSION = YES;
				CLANG_WARN_CONSTANT_CONVERSION = YES;
				CLANG_WARN_DIRECT_OBJC_ISA_USAGE = YES_ERROR;
				CLANG_WARN_EMPTY_BODY = YES;
				CLANG_WARN_ENUM_CONVERSION = YES;
				CLANG_WARN_INT_CONVERSION = YES;
				CLANG_WARN_OBJC_ROOT_CLASS = YES_ERROR;
				CLANG_WARN_UNREACHABLE_CODE = YES;
				CLANG_WARN__DUPLICATE_METHOD_MATCH = YES;
				COPY_PHASE_STRIP = YES;
				DEBUG_INFORMATION_FORMAT = "dwarf-with-dsym";
				ENABLE_NS_ASSERTIONS = NO;
				ENABLE_STRICT_OBJC_MSGSEND = YES;
				GCC_C_LANGUAGE_STANDARD = gnu99;
				GCC_WARN_64_TO_32_BIT_CONVERSION = YES;
				GCC_WARN_ABOUT_RETURN_TYPE = YES_ERROR;
				GCC_WARN_UNDECLARED_SELECTOR = YES;
				GCC_WARN_UNINITIALIZED_AUTOS = YES_AGGRESSIVE;
				GCC_WARN_UNUSED_FUNCTION = YES;
				GCC_WARN_UNUSED_VARIABLE = YES;
				MACOSX_DEPLOYMENT_TARGET = 10.9;
				METAL_ENABLE_DEBUG_INFO = NO;
				SDKROOT = macosx;
			};
			name = Release;
		};
		46718B5E194B6A2C006E8A18 /* Debug */ = {
			isa = XCBuildConfiguration;
			buildSettings = {
				CLANG_ENABLE_MODULES = YES;
				LD_RUNPATH_SEARCH_PATHS = "$(inherited) @executable_path/../Frameworks @loader_path/../Frameworks";
				PRODUCT_NAME = "$(TARGET_NAME)";
				SWIFT_OPTIMIZATION_LEVEL = "-Onone";
			};
			name = Debug;
		};
		46718B5F194B6A2C006E8A18 /* Release */ = {
			isa = XCBuildConfiguration;
			buildSettings = {
				CLANG_ENABLE_MODULES = YES;
				LD_RUNPATH_SEARCH_PATHS = "$(inherited) @executable_path/../Frameworks @loader_path/../Frameworks";
				PRODUCT_NAME = "$(TARGET_NAME)";
			};
			name = Release;
		};
		46718BA9194E00AB006E8A18 /* Debug */ = {
			isa = XCBuildConfiguration;
			buildSettings = {
				GCC_PREPROCESSOR_DEFINITIONS = (
					"DEBUG=1",
					"$(inherited)",
				);
				METAL_ENABLE_DEBUG_INFO = YES;
				PRODUCT_MODULE_NAME = Sleipnir;
				PRODUCT_NAME = "$(TARGET_NAME)";
			};
			name = Debug;
		};
		46718BAA194E00AB006E8A18 /* Release */ = {
			isa = XCBuildConfiguration;
			buildSettings = {
				METAL_ENABLE_DEBUG_INFO = NO;
				PRODUCT_MODULE_NAME = Sleipnir;
				PRODUCT_NAME = "$(TARGET_NAME)";
			};
			name = Release;
		};
/* End XCBuildConfiguration section */

/* Begin XCConfigurationList section */
		46718B51194B6A2C006E8A18 /* Build configuration list for PBXProject "Sleipnir" */ = {
			isa = XCConfigurationList;
			buildConfigurations = (
				46718B5B194B6A2C006E8A18 /* Debug */,
				46718B5C194B6A2C006E8A18 /* Release */,
			);
			defaultConfigurationIsVisible = 0;
			defaultConfigurationName = Release;
		};
		46718B5D194B6A2C006E8A18 /* Build configuration list for PBXNativeTarget "Sleipnir" */ = {
			isa = XCConfigurationList;
			buildConfigurations = (
				46718B5E194B6A2C006E8A18 /* Debug */,
				46718B5F194B6A2C006E8A18 /* Release */,
			);
			defaultConfigurationIsVisible = 0;
			defaultConfigurationName = Release;
		};
		46718BA8194E00AB006E8A18 /* Build configuration list for PBXNativeTarget "OSXSpecs" */ = {
			isa = XCConfigurationList;
			buildConfigurations = (
				46718BA9194E00AB006E8A18 /* Debug */,
				46718BAA194E00AB006E8A18 /* Release */,
			);
			defaultConfigurationIsVisible = 0;
		};
/* End XCConfigurationList section */
	};
	rootObject = 46718B4E194B6A2C006E8A18 /* Project object */;
}
