// !$*UTF8*$!
{
	archiveVersion = 1;
	classes = {
	};
	objectVersion = 46;
	objects = {

/* Begin PBXBuildFile section */
		310644E219587965007629A0 /* BeTrue.swift in Sources */ = {isa = PBXBuildFile; fileRef = 310644E119587965007629A0 /* BeTrue.swift */; };
		310644E319587965007629A0 /* BeTrue.swift in Sources */ = {isa = PBXBuildFile; fileRef = 310644E119587965007629A0 /* BeTrue.swift */; };
		314C79C7195995F400E52DF0 /* BeFalse.swift in Sources */ = {isa = PBXBuildFile; fileRef = 314C79C6195995F400E52DF0 /* BeFalse.swift */; };
		314C79C8195995F400E52DF0 /* BeFalse.swift in Sources */ = {isa = PBXBuildFile; fileRef = 314C79C6195995F400E52DF0 /* BeFalse.swift */; };
		318098B519545DD700ADEAF3 /* ActualValue.swift in Sources */ = {isa = PBXBuildFile; fileRef = 318098B419545DD700ADEAF3 /* ActualValue.swift */; };
		318098B619545DD700ADEAF3 /* ActualValue.swift in Sources */ = {isa = PBXBuildFile; fileRef = 318098B419545DD700ADEAF3 /* ActualValue.swift */; };
		318098B81954605200ADEAF3 /* BaseMatcher.swift in Sources */ = {isa = PBXBuildFile; fileRef = 318098B71954605200ADEAF3 /* BaseMatcher.swift */; };
		318098B91954605200ADEAF3 /* BaseMatcher.swift in Sources */ = {isa = PBXBuildFile; fileRef = 318098B71954605200ADEAF3 /* BaseMatcher.swift */; };
		318098BB1954609B00ADEAF3 /* Equal.swift in Sources */ = {isa = PBXBuildFile; fileRef = 318098BA1954609B00ADEAF3 /* Equal.swift */; };
		318098BC1954609B00ADEAF3 /* Equal.swift in Sources */ = {isa = PBXBuildFile; fileRef = 318098BA1954609B00ADEAF3 /* Equal.swift */; };
		31874422195C727000C23EAC /* SpecFailure.swift in Sources */ = {isa = PBXBuildFile; fileRef = 31874421195C727000C23EAC /* SpecFailure.swift */; };
		31874423195C727000C23EAC /* SpecFailure.swift in Sources */ = {isa = PBXBuildFile; fileRef = 31874421195C727000C23EAC /* SpecFailure.swift */; };
		31A997E919657437007319D2 /* Book.swift in Sources */ = {isa = PBXBuildFile; fileRef = 31A997E819657437007319D2 /* Book.swift */; };
		31A997EB196575CA007319D2 /* Library.swift in Sources */ = {isa = PBXBuildFile; fileRef = 31A997EA196575CA007319D2 /* Library.swift */; };
		31BB32991959AB4300BC30D0 /* DefaultReporter.swift in Sources */ = {isa = PBXBuildFile; fileRef = 31BB32981959AB4300BC30D0 /* DefaultReporter.swift */; };
		31BB329A1959AB4300BC30D0 /* DefaultReporter.swift in Sources */ = {isa = PBXBuildFile; fileRef = 31BB32981959AB4300BC30D0 /* DefaultReporter.swift */; };
		31BB329C1959B8EA00BC30D0 /* ReportDispatcher.swift in Sources */ = {isa = PBXBuildFile; fileRef = 31BB329B1959B8EA00BC30D0 /* ReportDispatcher.swift */; };
		31BB329D1959B8EA00BC30D0 /* ReportDispatcher.swift in Sources */ = {isa = PBXBuildFile; fileRef = 31BB329B1959B8EA00BC30D0 /* ReportDispatcher.swift */; };
		31BB329F1959B91700BC30D0 /* Reporter.swift in Sources */ = {isa = PBXBuildFile; fileRef = 31BB329E1959B91700BC30D0 /* Reporter.swift */; };
		31BB32A01959B91700BC30D0 /* Reporter.swift in Sources */ = {isa = PBXBuildFile; fileRef = 31BB329E1959B91700BC30D0 /* Reporter.swift */; };
		31BB32A31959C6BC00BC30D0 /* Observable.swift in Sources */ = {isa = PBXBuildFile; fileRef = 31BB32A21959C6BC00BC30D0 /* Observable.swift */; };
		31BB32A41959C6BC00BC30D0 /* Observable.swift in Sources */ = {isa = PBXBuildFile; fileRef = 31BB32A21959C6BC00BC30D0 /* Observable.swift */; };
		31F33EFD1953101000421A59 /* Runner.swift in Sources */ = {isa = PBXBuildFile; fileRef = 31F33EFC1953101000421A59 /* Runner.swift */; };
		31F33EFE1953101000421A59 /* Runner.swift in Sources */ = {isa = PBXBuildFile; fileRef = 31F33EFC1953101000421A59 /* Runner.swift */; };
		31F33F0019531B5B00421A59 /* Array.swift in Sources */ = {isa = PBXBuildFile; fileRef = 31F33EFF19531B5B00421A59 /* Array.swift */; };
		31F33F0119531B5B00421A59 /* Array.swift in Sources */ = {isa = PBXBuildFile; fileRef = 31F33EFF19531B5B00421A59 /* Array.swift */; };
		46718B5A194B6A2C006E8A18 /* main.swift in Sources */ = {isa = PBXBuildFile; fileRef = 46718B59194B6A2C006E8A18 /* main.swift */; };
		46718B81194B8A57006E8A18 /* Internals.swift in Sources */ = {isa = PBXBuildFile; fileRef = 46718B80194B8A57006E8A18 /* Internals.swift */; };
		46718B84194B8AAF006E8A18 /* ExampleGroup.swift in Sources */ = {isa = PBXBuildFile; fileRef = 46718B83194B8AAF006E8A18 /* ExampleGroup.swift */; };
		46718B86194B8AD2006E8A18 /* Example.swift in Sources */ = {isa = PBXBuildFile; fileRef = 46718B85194B8AD2006E8A18 /* Example.swift */; };
		46718B9F194DF8B0006E8A18 /* SleipnirLoader.m in Sources */ = {isa = PBXBuildFile; fileRef = 46718B9E194DF8B0006E8A18 /* SleipnirLoader.m */; settings = {COMPILER_FLAGS = "-fno-objc-arc"; }; };
		46718BA7194E00AB006E8A18 /* main.swift in Sources */ = {isa = PBXBuildFile; fileRef = 46718BA6194E00AB006E8A18 /* main.swift */; };
		46718BAB194E00D1006E8A18 /* Internals.swift in Sources */ = {isa = PBXBuildFile; fileRef = 46718B80194B8A57006E8A18 /* Internals.swift */; };
		46718BAD194E0393006E8A18 /* SleipnirSpec.swift in Sources */ = {isa = PBXBuildFile; fileRef = 46718BAC194E0393006E8A18 /* SleipnirSpec.swift */; };
		46718BAE194E03C9006E8A18 /* SleipnirSpec.swift in Sources */ = {isa = PBXBuildFile; fileRef = 46718BAC194E0393006E8A18 /* SleipnirSpec.swift */; };
		46718BAF194E03CC006E8A18 /* SleipnirLoader.m in Sources */ = {isa = PBXBuildFile; fileRef = 46718B9E194DF8B0006E8A18 /* SleipnirLoader.m */; settings = {COMPILER_FLAGS = "-fno-objc-arc"; }; };
		46718BB0194E03E5006E8A18 /* ExampleGroup.swift in Sources */ = {isa = PBXBuildFile; fileRef = 46718B83194B8AAF006E8A18 /* ExampleGroup.swift */; };
		46718BB2194E0426006E8A18 /* Example.swift in Sources */ = {isa = PBXBuildFile; fileRef = 46718B85194B8AD2006E8A18 /* Example.swift */; };
		46718BB4194EA3FE006E8A18 /* LibrarySpec.swift in Sources */ = {isa = PBXBuildFile; fileRef = 46718BB3194EA3FE006E8A18 /* LibrarySpec.swift */; };
/* End PBXBuildFile section */

/* Begin PBXCopyFilesBuildPhase section */
		46718B54194B6A2C006E8A18 /* CopyFiles */ = {
			isa = PBXCopyFilesBuildPhase;
			buildActionMask = 2147483647;
			dstPath = /usr/share/man/man1/;
			dstSubfolderSpec = 0;
			files = (
			);
			runOnlyForDeploymentPostprocessing = 1;
		};
		46718BA2194E00AB006E8A18 /* CopyFiles */ = {
			isa = PBXCopyFilesBuildPhase;
			buildActionMask = 2147483647;
			dstPath = /usr/share/man/man1/;
			dstSubfolderSpec = 0;
			files = (
			);
			runOnlyForDeploymentPostprocessing = 1;
		};
/* End PBXCopyFilesBuildPhase section */

/* Begin PBXFileReference section */
		310644E119587965007629A0 /* BeTrue.swift */ = {isa = PBXFileReference; fileEncoding = 4; lastKnownFileType = sourcecode.swift; path = BeTrue.swift; sourceTree = "<group>"; };
		314C79C6195995F400E52DF0 /* BeFalse.swift */ = {isa = PBXFileReference; fileEncoding = 4; lastKnownFileType = sourcecode.swift; path = BeFalse.swift; sourceTree = "<group>"; };
		318098B419545DD700ADEAF3 /* ActualValue.swift */ = {isa = PBXFileReference; fileEncoding = 4; lastKnownFileType = sourcecode.swift; path = ActualValue.swift; sourceTree = "<group>"; };
		318098B71954605200ADEAF3 /* BaseMatcher.swift */ = {isa = PBXFileReference; fileEncoding = 4; lastKnownFileType = sourcecode.swift; path = BaseMatcher.swift; sourceTree = "<group>"; };
		318098BA1954609B00ADEAF3 /* Equal.swift */ = {isa = PBXFileReference; fileEncoding = 4; lastKnownFileType = sourcecode.swift; path = Equal.swift; sourceTree = "<group>"; };
		31874421195C727000C23EAC /* SpecFailure.swift */ = {isa = PBXFileReference; fileEncoding = 4; lastKnownFileType = sourcecode.swift; path = SpecFailure.swift; sourceTree = "<group>"; };
		31A997E819657437007319D2 /* Book.swift */ = {isa = PBXFileReference; fileEncoding = 4; lastKnownFileType = sourcecode.swift; path = Book.swift; sourceTree = "<group>"; };
		31A997EA196575CA007319D2 /* Library.swift */ = {isa = PBXFileReference; fileEncoding = 4; lastKnownFileType = sourcecode.swift; path = Library.swift; sourceTree = "<group>"; };
		31BB32981959AB4300BC30D0 /* DefaultReporter.swift */ = {isa = PBXFileReference; fileEncoding = 4; lastKnownFileType = sourcecode.swift; path = DefaultReporter.swift; sourceTree = "<group>"; };
		31BB329B1959B8EA00BC30D0 /* ReportDispatcher.swift */ = {isa = PBXFileReference; fileEncoding = 4; lastKnownFileType = sourcecode.swift; path = ReportDispatcher.swift; sourceTree = "<group>"; };
		31BB329E1959B91700BC30D0 /* Reporter.swift */ = {isa = PBXFileReference; fileEncoding = 4; lastKnownFileType = sourcecode.swift; path = Reporter.swift; sourceTree = "<group>"; };
		31BB32A21959C6BC00BC30D0 /* Observable.swift */ = {isa = PBXFileReference; fileEncoding = 4; lastKnownFileType = sourcecode.swift; path = Observable.swift; sourceTree = "<group>"; };
		31F33EFC1953101000421A59 /* Runner.swift */ = {isa = PBXFileReference; fileEncoding = 4; lastKnownFileType = sourcecode.swift; path = Runner.swift; sourceTree = "<group>"; };
		31F33EFF19531B5B00421A59 /* Array.swift */ = {isa = PBXFileReference; fileEncoding = 4; lastKnownFileType = sourcecode.swift; path = Array.swift; sourceTree = "<group>"; };
		46718B56194B6A2C006E8A18 /* Sleipnir */ = {isa = PBXFileReference; explicitFileType = "compiled.mach-o.executable"; includeInIndex = 0; path = Sleipnir; sourceTree = BUILT_PRODUCTS_DIR; };
		46718B59194B6A2C006E8A18 /* main.swift */ = {isa = PBXFileReference; lastKnownFileType = sourcecode.swift; path = main.swift; sourceTree = "<group>"; };
		46718B80194B8A57006E8A18 /* Internals.swift */ = {isa = PBXFileReference; fileEncoding = 4; lastKnownFileType = sourcecode.swift; path = Internals.swift; sourceTree = "<group>"; };
		46718B83194B8AAF006E8A18 /* ExampleGroup.swift */ = {isa = PBXFileReference; fileEncoding = 4; lastKnownFileType = sourcecode.swift; path = ExampleGroup.swift; sourceTree = "<group>"; };
		46718B85194B8AD2006E8A18 /* Example.swift */ = {isa = PBXFileReference; fileEncoding = 4; lastKnownFileType = sourcecode.swift; path = Example.swift; sourceTree = "<group>"; };
		46718B9E194DF8B0006E8A18 /* SleipnirLoader.m */ = {isa = PBXFileReference; fileEncoding = 4; lastKnownFileType = sourcecode.c.objc; path = SleipnirLoader.m; sourceTree = "<group>"; };
		46718BA4194E00AB006E8A18 /* Sample */ = {isa = PBXFileReference; explicitFileType = "compiled.mach-o.executable"; includeInIndex = 0; path = Sample; sourceTree = BUILT_PRODUCTS_DIR; };
		46718BA6194E00AB006E8A18 /* main.swift */ = {isa = PBXFileReference; lastKnownFileType = sourcecode.swift; path = main.swift; sourceTree = "<group>"; };
		46718BAC194E0393006E8A18 /* SleipnirSpec.swift */ = {isa = PBXFileReference; fileEncoding = 4; lastKnownFileType = sourcecode.swift; path = SleipnirSpec.swift; sourceTree = "<group>"; };
		46718BB3194EA3FE006E8A18 /* LibrarySpec.swift */ = {isa = PBXFileReference; fileEncoding = 4; lastKnownFileType = sourcecode.swift; path = LibrarySpec.swift; sourceTree = "<group>"; };
/* End PBXFileReference section */

/* Begin PBXFrameworksBuildPhase section */
		46718B53194B6A2C006E8A18 /* Frameworks */ = {
			isa = PBXFrameworksBuildPhase;
			buildActionMask = 2147483647;
			files = (
			);
			runOnlyForDeploymentPostprocessing = 0;
		};
		46718BA1194E00AB006E8A18 /* Frameworks */ = {
			isa = PBXFrameworksBuildPhase;
			buildActionMask = 2147483647;
			files = (
			);
			runOnlyForDeploymentPostprocessing = 0;
		};
/* End PBXFrameworksBuildPhase section */

/* Begin PBXGroup section */
		318098B319545DC500ADEAF3 /* Matchers */ = {
			isa = PBXGroup;
			children = (
				318098B419545DD700ADEAF3 /* ActualValue.swift */,
				318098B71954605200ADEAF3 /* BaseMatcher.swift */,
				318098BA1954609B00ADEAF3 /* Equal.swift */,
				310644E119587965007629A0 /* BeTrue.swift */,
				314C79C6195995F400E52DF0 /* BeFalse.swift */,
			);
			path = Matchers;
			sourceTree = "<group>";
		};
		31BB32971959AB2800BC30D0 /* Reporters */ = {
			isa = PBXGroup;
			children = (
				31BB32981959AB4300BC30D0 /* DefaultReporter.swift */,
				31BB329B1959B8EA00BC30D0 /* ReportDispatcher.swift */,
				31BB329E1959B91700BC30D0 /* Reporter.swift */,
			);
			path = Reporters;
			sourceTree = "<group>";
		};
		31BB32A11959C6A800BC30D0 /* Util */ = {
			isa = PBXGroup;
			children = (
				31F33EFF19531B5B00421A59 /* Array.swift */,
				31BB32A21959C6BC00BC30D0 /* Observable.swift */,
			);
			path = Util;
			sourceTree = "<group>";
		};
		46718B4D194B6A2C006E8A18 = {
			isa = PBXGroup;
			children = (
				46718B58194B6A2C006E8A18 /* Sleipnir */,
				46718BA5194E00AB006E8A18 /* Sample */,
				46718B57194B6A2C006E8A18 /* Products */,
			);
			sourceTree = "<group>";
		};
		46718B57194B6A2C006E8A18 /* Products */ = {
			isa = PBXGroup;
			children = (
				46718B56194B6A2C006E8A18 /* Sleipnir */,
				46718BA4194E00AB006E8A18 /* Sample */,
			);
			name = Products;
			sourceTree = "<group>";
		};
		46718B58194B6A2C006E8A18 /* Sleipnir */ = {
			isa = PBXGroup;
			children = (
				31BB32A11959C6A800BC30D0 /* Util */,
				31BB32971959AB2800BC30D0 /* Reporters */,
				318098B319545DC500ADEAF3 /* Matchers */,
				46718B82194B8A5E006E8A18 /* ExampleGroups */,
				46718B7F194B8A39006E8A18 /* Internals */,
				46718B59194B6A2C006E8A18 /* main.swift */,
			);
			path = Sleipnir;
			sourceTree = "<group>";
		};
		46718B7F194B8A39006E8A18 /* Internals */ = {
			isa = PBXGroup;
			children = (
				31F33EFC1953101000421A59 /* Runner.swift */,
				46718B80194B8A57006E8A18 /* Internals.swift */,
				46718B9E194DF8B0006E8A18 /* SleipnirLoader.m */,
				31874421195C727000C23EAC /* SpecFailure.swift */,
			);
			path = Internals;
			sourceTree = "<group>";
		};
		46718B82194B8A5E006E8A18 /* ExampleGroups */ = {
			isa = PBXGroup;
			children = (
				46718B83194B8AAF006E8A18 /* ExampleGroup.swift */,
				46718B85194B8AD2006E8A18 /* Example.swift */,
				46718BAC194E0393006E8A18 /* SleipnirSpec.swift */,
			);
			path = ExampleGroups;
			sourceTree = "<group>";
		};
		46718BA5194E00AB006E8A18 /* Sample */ = {
			isa = PBXGroup;
			children = (
				46718BA6194E00AB006E8A18 /* main.swift */,
				46718BB3194EA3FE006E8A18 /* LibrarySpec.swift */,
				31A997E819657437007319D2 /* Book.swift */,
				31A997EA196575CA007319D2 /* Library.swift */,
			);
			path = Sample;
			sourceTree = "<group>";
		};
/* End PBXGroup section */

/* Begin PBXNativeTarget section */
		46718B55194B6A2C006E8A18 /* Sleipnir */ = {
			isa = PBXNativeTarget;
			buildConfigurationList = 46718B5D194B6A2C006E8A18 /* Build configuration list for PBXNativeTarget "Sleipnir" */;
			buildPhases = (
				46718B52194B6A2C006E8A18 /* Sources */,
				46718B53194B6A2C006E8A18 /* Frameworks */,
				46718B54194B6A2C006E8A18 /* CopyFiles */,
			);
			buildRules = (
			);
			dependencies = (
			);
			name = Sleipnir;
			productName = Sleipnir;
			productReference = 46718B56194B6A2C006E8A18 /* Sleipnir */;
			productType = "com.apple.product-type.tool";
		};
		46718BA3194E00AB006E8A18 /* Sample */ = {
			isa = PBXNativeTarget;
			buildConfigurationList = 46718BA8194E00AB006E8A18 /* Build configuration list for PBXNativeTarget "Sample" */;
			buildPhases = (
				46718BA0194E00AB006E8A18 /* Sources */,
				46718BA1194E00AB006E8A18 /* Frameworks */,
				46718BA2194E00AB006E8A18 /* CopyFiles */,
			);
			buildRules = (
			);
			dependencies = (
			);
			name = Sample;
			productName = Sample;
			productReference = 46718BA4194E00AB006E8A18 /* Sample */;
			productType = "com.apple.product-type.tool";
		};
/* End PBXNativeTarget section */

/* Begin PBXProject section */
		46718B4E194B6A2C006E8A18 /* Project object */ = {
			isa = PBXProject;
			attributes = {
				LastUpgradeCheck = 0600;
				ORGANIZATIONNAME = railsware;
				TargetAttributes = {
					46718B55194B6A2C006E8A18 = {
						CreatedOnToolsVersion = 6.0;
					};
					46718BA3194E00AB006E8A18 = {
						CreatedOnToolsVersion = 6.0;
					};
				};
			};
			buildConfigurationList = 46718B51194B6A2C006E8A18 /* Build configuration list for PBXProject "Sleipnir" */;
			compatibilityVersion = "Xcode 3.2";
			developmentRegion = English;
			hasScannedForEncodings = 0;
			knownRegions = (
				en,
			);
			mainGroup = 46718B4D194B6A2C006E8A18;
			productRefGroup = 46718B57194B6A2C006E8A18 /* Products */;
			projectDirPath = "";
			projectRoot = "";
			targets = (
				46718B55194B6A2C006E8A18 /* Sleipnir */,
				46718BA3194E00AB006E8A18 /* Sample */,
			);
		};
/* End PBXProject section */

/* Begin PBXSourcesBuildPhase section */
		46718B52194B6A2C006E8A18 /* Sources */ = {
			isa = PBXSourcesBuildPhase;
			buildActionMask = 2147483647;
			files = (
				46718B86194B8AD2006E8A18 /* Example.swift in Sources */,
				31BB329C1959B8EA00BC30D0 /* ReportDispatcher.swift in Sources */,
				318098B519545DD700ADEAF3 /* ActualValue.swift in Sources */,
				31BB32991959AB4300BC30D0 /* DefaultReporter.swift in Sources */,
				318098BB1954609B00ADEAF3 /* Equal.swift in Sources */,
				31874422195C727000C23EAC /* SpecFailure.swift in Sources */,
				46718B81194B8A57006E8A18 /* Internals.swift in Sources */,
				46718BAD194E0393006E8A18 /* SleipnirSpec.swift in Sources */,
				46718B84194B8AAF006E8A18 /* ExampleGroup.swift in Sources */,
				46718B9F194DF8B0006E8A18 /* SleipnirLoader.m in Sources */,
				31F33F0019531B5B00421A59 /* Array.swift in Sources */,
				46718B5A194B6A2C006E8A18 /* main.swift in Sources */,
				314C79C7195995F400E52DF0 /* BeFalse.swift in Sources */,
				31BB32A31959C6BC00BC30D0 /* Observable.swift in Sources */,
				31BB329F1959B91700BC30D0 /* Reporter.swift in Sources */,
				31F33EFD1953101000421A59 /* Runner.swift in Sources */,
				310644E219587965007629A0 /* BeTrue.swift in Sources */,
				318098B81954605200ADEAF3 /* BaseMatcher.swift in Sources */,
			);
			runOnlyForDeploymentPostprocessing = 0;
		};
		46718BA0194E00AB006E8A18 /* Sources */ = {
			isa = PBXSourcesBuildPhase;
			buildActionMask = 2147483647;
			files = (
				31F33F0119531B5B00421A59 /* Array.swift in Sources */,
				46718BB0194E03E5006E8A18 /* ExampleGroup.swift in Sources */,
				31874423195C727000C23EAC /* SpecFailure.swift in Sources */,
				31F33EFE1953101000421A59 /* Runner.swift in Sources */,
				46718BAF194E03CC006E8A18 /* SleipnirLoader.m in Sources */,
				31BB32A41959C6BC00BC30D0 /* Observable.swift in Sources */,
				31BB32A01959B91700BC30D0 /* Reporter.swift in Sources */,
				31BB329D1959B8EA00BC30D0 /* ReportDispatcher.swift in Sources */,
				31A997EB196575CA007319D2 /* Library.swift in Sources */,
				31A997E919657437007319D2 /* Book.swift in Sources */,
				46718BB2194E0426006E8A18 /* Example.swift in Sources */,
				310644E319587965007629A0 /* BeTrue.swift in Sources */,
				318098B619545DD700ADEAF3 /* ActualValue.swift in Sources */,
				46718BB4194EA3FE006E8A18 /* LibrarySpec.swift in Sources */,
				46718BAB194E00D1006E8A18 /* Internals.swift in Sources */,
				31BB329A1959AB4300BC30D0 /* DefaultReporter.swift in Sources */,
				46718BA7194E00AB006E8A18 /* main.swift in Sources */,
				314C79C8195995F400E52DF0 /* BeFalse.swift in Sources */,
				318098B91954605200ADEAF3 /* BaseMatcher.swift in Sources */,
				318098BC1954609B00ADEAF3 /* Equal.swift in Sources */,
				46718BAE194E03C9006E8A18 /* SleipnirSpec.swift in Sources */,
			);
			runOnlyForDeploymentPostprocessing = 0;
		};
/* End PBXSourcesBuildPhase section */

/* Begin XCBuildConfiguration section */
		46718B5B194B6A2C006E8A18 /* Debug */ = {
			isa = XCBuildConfiguration;
			buildSettings = {
				ALWAYS_SEARCH_USER_PATHS = NO;
				CLANG_CXX_LANGUAGE_STANDARD = "gnu++0x";
				CLANG_CXX_LIBRARY = "libc++";
				CLANG_ENABLE_MODULES = YES;
				CLANG_ENABLE_OBJC_ARC = YES;
				CLANG_WARN_BOOL_CONVERSION = YES;
				CLANG_WARN_CONSTANT_CONVERSION = YES;
				CLANG_WARN_DIRECT_OBJC_ISA_USAGE = YES_ERROR;
				CLANG_WARN_EMPTY_BODY = YES;
				CLANG_WARN_ENUM_CONVERSION = YES;
				CLANG_WARN_INT_CONVERSION = YES;
				CLANG_WARN_OBJC_ROOT_CLASS = YES_ERROR;
				CLANG_WARN_UNREACHABLE_CODE = YES;
				CLANG_WARN__DUPLICATE_METHOD_MATCH = YES;
				COPY_PHASE_STRIP = NO;
				ENABLE_STRICT_OBJC_MSGSEND = YES;
				GCC_C_LANGUAGE_STANDARD = gnu99;
				GCC_DYNAMIC_NO_PIC = NO;
				GCC_OPTIMIZATION_LEVEL = 0;
				GCC_PREPROCESSOR_DEFINITIONS = (
					"DEBUG=1",
					"$(inherited)",
				);
				GCC_SYMBOLS_PRIVATE_EXTERN = NO;
				GCC_WARN_64_TO_32_BIT_CONVERSION = YES;
				GCC_WARN_ABOUT_RETURN_TYPE = YES_ERROR;
				GCC_WARN_UNDECLARED_SELECTOR = YES;
				GCC_WARN_UNINITIALIZED_AUTOS = YES_AGGRESSIVE;
				GCC_WARN_UNUSED_FUNCTION = YES;
				GCC_WARN_UNUSED_VARIABLE = YES;
				MACOSX_DEPLOYMENT_TARGET = 10.9;
				METAL_ENABLE_DEBUG_INFO = YES;
				ONLY_ACTIVE_ARCH = YES;
				SDKROOT = macosx;
				SWIFT_OPTIMIZATION_LEVEL = "-Onone";
			};
			name = Debug;
		};
		46718B5C194B6A2C006E8A18 /* Release */ = {
			isa = XCBuildConfiguration;
			buildSettings = {
				ALWAYS_SEARCH_USER_PATHS = NO;
				CLANG_CXX_LANGUAGE_STANDARD = "gnu++0x";
				CLANG_CXX_LIBRARY = "libc++";
				CLANG_ENABLE_MODULES = YES;
				CLANG_ENABLE_OBJC_ARC = YES;
				CLANG_WARN_BOOL_CONVERSION = YES;
				CLANG_WARN_CONSTANT_CONVERSION = YES;
				CLANG_WARN_DIRECT_OBJC_ISA_USAGE = YES_ERROR;
				CLANG_WARN_EMPTY_BODY = YES;
				CLANG_WARN_ENUM_CONVERSION = YES;
				CLANG_WARN_INT_CONVERSION = YES;
				CLANG_WARN_OBJC_ROOT_CLASS = YES_ERROR;
				CLANG_WARN_UNREACHABLE_CODE = YES;
				CLANG_WARN__DUPLICATE_METHOD_MATCH = YES;
				COPY_PHASE_STRIP = YES;
				DEBUG_INFORMATION_FORMAT = "dwarf-with-dsym";
				ENABLE_NS_ASSERTIONS = NO;
				ENABLE_STRICT_OBJC_MSGSEND = YES;
				GCC_C_LANGUAGE_STANDARD = gnu99;
				GCC_WARN_64_TO_32_BIT_CONVERSION = YES;
				GCC_WARN_ABOUT_RETURN_TYPE = YES_ERROR;
				GCC_WARN_UNDECLARED_SELECTOR = YES;
				GCC_WARN_UNINITIALIZED_AUTOS = YES_AGGRESSIVE;
				GCC_WARN_UNUSED_FUNCTION = YES;
				GCC_WARN_UNUSED_VARIABLE = YES;
				MACOSX_DEPLOYMENT_TARGET = 10.9;
				METAL_ENABLE_DEBUG_INFO = NO;
				SDKROOT = macosx;
			};
			name = Release;
		};
		46718B5E194B6A2C006E8A18 /* Debug */ = {
			isa = XCBuildConfiguration;
			buildSettings = {
				CLANG_ENABLE_MODULES = YES;
				LD_RUNPATH_SEARCH_PATHS = "$(inherited) @executable_path/../Frameworks @loader_path/../Frameworks";
				PRODUCT_NAME = "$(TARGET_NAME)";
				SWIFT_OPTIMIZATION_LEVEL = "-Onone";
			};
			name = Debug;
		};
		46718B5F194B6A2C006E8A18 /* Release */ = {
			isa = XCBuildConfiguration;
			buildSettings = {
				CLANG_ENABLE_MODULES = YES;
				LD_RUNPATH_SEARCH_PATHS = "$(inherited) @executable_path/../Frameworks @loader_path/../Frameworks";
				PRODUCT_NAME = "$(TARGET_NAME)";
			};
			name = Release;
		};
		46718BA9194E00AB006E8A18 /* Debug */ = {
			isa = XCBuildConfiguration;
			buildSettings = {
				GCC_PREPROCESSOR_DEFINITIONS = (
					"DEBUG=1",
					"$(inherited)",
				);
				METAL_ENABLE_DEBUG_INFO = YES;
				PRODUCT_MODULE_NAME = Sleipnir;
				PRODUCT_NAME = "$(TARGET_NAME)";
			};
			name = Debug;
		};
		46718BAA194E00AB006E8A18 /* Release */ = {
			isa = XCBuildConfiguration;
			buildSettings = {
				METAL_ENABLE_DEBUG_INFO = NO;
				PRODUCT_MODULE_NAME = Sleipnir;
				PRODUCT_NAME = "$(TARGET_NAME)";
			};
			name = Release;
		};
/* End XCBuildConfiguration section */

/* Begin XCConfigurationList section */
		46718B51194B6A2C006E8A18 /* Build configuration list for PBXProject "Sleipnir" */ = {
			isa = XCConfigurationList;
			buildConfigurations = (
				46718B5B194B6A2C006E8A18 /* Debug */,
				46718B5C194B6A2C006E8A18 /* Release */,
			);
			defaultConfigurationIsVisible = 0;
			defaultConfigurationName = Release;
		};
		46718B5D194B6A2C006E8A18 /* Build configuration list for PBXNativeTarget "Sleipnir" */ = {
			isa = XCConfigurationList;
			buildConfigurations = (
				46718B5E194B6A2C006E8A18 /* Debug */,
				46718B5F194B6A2C006E8A18 /* Release */,
			);
			defaultConfigurationIsVisible = 0;
			defaultConfigurationName = Release;
		};
		46718BA8194E00AB006E8A18 /* Build configuration list for PBXNativeTarget "Sample" */ = {
			isa = XCConfigurationList;
			buildConfigurations = (
				46718BA9194E00AB006E8A18 /* Debug */,
				46718BAA194E00AB006E8A18 /* Release */,
			);
			defaultConfigurationIsVisible = 0;
			defaultConfigurationName = Release;
		};
/* End XCConfigurationList section */
	};
	rootObject = 46718B4E194B6A2C006E8A18 /* Project object */;
}
